# This file is automatically @generated by Cargo.
# It is not intended for manual editing.
version = 3

[[package]]
name = "opentube"
version = "0.1.0"

[[package]]
name = "opentube_db"
version = "0.1.0"
dependencies = [
 "opentube_models",
]

[[package]]
name = "opentube_http"
version = "0.1.0"

[[package]]
name = "opentube_models"
version = "0.1.0"
