# This file is automatically @generated by Cargo.
# It is not intended for manual editing.
version = 3

[[package]]
name = "divideo"
version = "0.1.0"

[[package]]
name = "divideo_db"
version = "0.1.0"
dependencies = [
 "divideo_models",
]

[[package]]
name = "divideo_http"
version = "0.1.0"

[[package]]
name = "divideo_models"
version = "0.1.0"
